{
  "name": "gatsby-starter-grommet",
  "version": "1.0.0",
  "lockfileVersion": 1,
  "dependencies": {
    "babel-runtime": {
      "version": "6.26.0",
      "resolved": "https://registry.npmjs.org/babel-runtime/-/babel-runtime-6.26.0.tgz",
      "integrity": "sha1-llxwWGaOgrVde/4E/yM3vItWR/4="
    },
    "compass-vertical-rhythm": {
      "version": "1.3.1",
      "resolved": "https://registry.npmjs.org/compass-vertical-rhythm/-/compass-vertical-rhythm-1.3.1.tgz",
      "integrity": "sha1-YEf/2LILLcupNpjpCjRXBmKJNIg="
    },
    "console-polyfill": {
      "version": "0.1.2",
      "resolved": "https://registry.npmjs.org/console-polyfill/-/console-polyfill-0.1.2.tgz",
      "integrity": "sha1-ls/tUcr3gYn2mVcubxgnHcN8DjA="
    },
    "convert-css-length": {
      "version": "1.0.1",
      "resolved": "https://registry.npmjs.org/convert-css-length/-/convert-css-length-1.0.1.tgz",
      "integrity": "sha1-8+zsZk8uhzoFcOav3T4a5PkkRLc="
    },
    "core-js": {
      "version": "2.5.1",
      "resolved": "https://registry.npmjs.org/core-js/-/core-js-2.5.1.tgz",
      "integrity": "sha1-rmh03GaTd4m4B1T/VCjfZoGcpQs="
    },
    "decamelize": {
      "version": "1.2.0",
      "resolved": "https://registry.npmjs.org/decamelize/-/decamelize-1.2.0.tgz",
      "integrity": "sha1-9lNNFRSCabIDUue+4m9QH5oZEpA="
    },
    "gatsby-plugin-typography": {
      "version": "1.7.9",
      "resolved": "https://registry.npmjs.org/gatsby-plugin-typography/-/gatsby-plugin-typography-1.7.9.tgz",
      "integrity": "sha512-ly/KuWXlH0dJSq4TTTk5Q2MEUiWI6Uwp5aReTvDAoq7PjVfrRa5zQX7Mx10mrgQs4v4CKjC1Dy/np3YgjJMlqA=="
    },
    "gray-percentage": {
      "version": "2.0.0",
      "resolved": "https://registry.npmjs.org/gray-percentage/-/gray-percentage-2.0.0.tgz",
      "integrity": "sha1-tyonTRsTeRBKAFC2OyB9xT/lb5k="
    },
    "lodash": {
      "version": "4.17.4",
      "resolved": "https://registry.npmjs.org/lodash/-/lodash-4.17.4.tgz",
      "integrity": "sha1-eCA6TRwyiuHYbcpkYONptX9AVa4="
    },
    "lodash.isnumber": {
      "version": "3.0.3",
      "resolved": "https://registry.npmjs.org/lodash.isnumber/-/lodash.isnumber-3.0.3.tgz",
      "integrity": "sha1-POdoEMWSjQM1IwGsKHMX8RwLH/w="
    },
    "modularscale": {
      "version": "1.0.2",
      "resolved": "https://registry.npmjs.org/modularscale/-/modularscale-1.0.2.tgz",
      "integrity": "sha1-So8TrzKl5SFPxuLPxSkGSr/X2Hc="
    },
    "object-assign": {
      "version": "4.1.1",
      "resolved": "https://registry.npmjs.org/object-assign/-/object-assign-4.1.1.tgz",
      "integrity": "sha1-IQmtx5ZYh8/AXLvUQsrIv7s2CGM="
    },
    "parse-unit": {
      "version": "1.0.1",
      "resolved": "https://registry.npmjs.org/parse-unit/-/parse-unit-1.0.1.tgz",
      "integrity": "sha1-fhu21b7zh0wo45JSaiVBFwKR7s8="
    },
    "react-typography": {
      "version": "0.16.5",
      "resolved": "https://registry.npmjs.org/react-typography/-/react-typography-0.16.5.tgz",
      "integrity": "sha512-cUK2ATEIg0W6d/63GGSed6FHed7C9xAbxwQ4IjDJFiv/JIlqc3RUbq4DIWi+xMRtiikwqO7i2EG9+bq8gzB2EQ=="
    },
    "regenerator-runtime": {
      "version": "0.11.0",
      "resolved": "https://registry.npmjs.org/regenerator-runtime/-/regenerator-runtime-0.11.0.tgz",
      "integrity": "sha512-/aA0kLeRb5N9K0d4fw7ooEbI+xDe+DKD499EQqygGqeS8N3xto15p09uY2xj7ixP81sNPXvRLnAQIqdVStgb1A=="
    },
    "typography": {
      "version": "0.16.6",
      "resolved": "https://registry.npmjs.org/typography/-/typography-0.16.6.tgz",
      "integrity": "sha512-jR4FECYt/Nq6ghD5nUJMAvx0Y6F44BeNo3ZRf1RjALbHaueseiz1O9oCTCkaQzfuVL9kAwphWF6BwKgG8hooWQ=="
    },
    "typography-normalize": {
      "version": "0.14.0",
      "resolved": "https://registry.npmjs.org/typography-normalize/-/typography-normalize-0.14.0.tgz",
      "integrity": "sha1-HXfB/iqvSlGzZzxMhchaZaLUtXM="
    }
  }
}
